// !$*UTF8*$!
{
	archiveVersion = 1;
	classes = {
	};
	objectVersion = 56;
	objects = {

/* Begin PBXBuildFile section */
		1D0C98902C47E1EB00C727A2 /* AppDelegate.swift in Sources */ = {isa = PBXBuildFile; fileRef = 1D0C988F2C47E1EB00C727A2 /* AppDelegate.swift */; };
		1D0C98992C47E1EC00C727A2 /* Assets.xcassets in Resources */ = {isa = PBXBuildFile; fileRef = 1D0C98982C47E1EC00C727A2 /* Assets.xcassets */; };
		1D0C98A52C480AD700C727A2 /* WeatherType.swift in Sources */ = {isa = PBXBuildFile; fileRef = 1D0C98A42C480AD700C727A2 /* WeatherType.swift */; };
		1D0C98A82C480B6700C727A2 /* WeatherViewModel.swift in Sources */ = {isa = PBXBuildFile; fileRef = 1D0C98A72C480B6700C727A2 /* WeatherViewModel.swift */; };
		1D0C98AB2C480C1900C727A2 /* WeatherViewController.swift in Sources */ = {isa = PBXBuildFile; fileRef = 1D0C98AA2C480C1900C727A2 /* WeatherViewController.swift */; };
		1D0C98AD2C480D8F00C727A2 /* WeatherCollectionViewCell.swift in Sources */ = {isa = PBXBuildFile; fileRef = 1D0C98AC2C480D8F00C727A2 /* WeatherCollectionViewCell.swift */; };
		1D0C98B02C48146500C727A2 /* WeatherAnimationViewController.swift in Sources */ = {isa = PBXBuildFile; fileRef = 1D0C98AF2C48146500C727A2 /* WeatherAnimationViewController.swift */; };
		1D0C98B72C48FC7F00C727A2 /* FogView.swift in Sources */ = {isa = PBXBuildFile; fileRef = 1D0C98B62C48FC7F00C727A2 /* FogView.swift */; };
		1D0C98B92C4955DC00C727A2 /* SnowView.swift in Sources */ = {isa = PBXBuildFile; fileRef = 1D0C98B82C4955DC00C727A2 /* SnowView.swift */; };
		1D0C98BB2C498FDD00C727A2 /* RainView.swift in Sources */ = {isa = PBXBuildFile; fileRef = 1D0C98BA2C498FDD00C727A2 /* RainView.swift */; };
		1D0C98C62C4EBE9B00C727A2 /* Localizable.strings in Resources */ = {isa = PBXBuildFile; fileRef = 1D0C98C42C4EBE9B00C727A2 /* Localizable.strings */; };
/* End PBXBuildFile section */

/* Begin PBXFileReference section */
		1D0C988C2C47E1EB00C727A2 /* WeatherApp_VK_Internship.app */ = {isa = PBXFileReference; explicitFileType = wrapper.application; includeInIndex = 0; path = WeatherApp_VK_Internship.app; sourceTree = BUILT_PRODUCTS_DIR; };
		1D0C988F2C47E1EB00C727A2 /* AppDelegate.swift */ = {isa = PBXFileReference; lastKnownFileType = sourcecode.swift; path = AppDelegate.swift; sourceTree = "<group>"; };
		1D0C98982C47E1EC00C727A2 /* Assets.xcassets */ = {isa = PBXFileReference; lastKnownFileType = folder.assetcatalog; path = Assets.xcassets; sourceTree = "<group>"; };
		1D0C989D2C47E1EC00C727A2 /* Info.plist */ = {isa = PBXFileReference; lastKnownFileType = text.plist.xml; path = Info.plist; sourceTree = "<group>"; };
		1D0C98A42C480AD700C727A2 /* WeatherType.swift */ = {isa = PBXFileReference; lastKnownFileType = sourcecode.swift; path = WeatherType.swift; sourceTree = "<group>"; };
		1D0C98A72C480B6700C727A2 /* WeatherViewModel.swift */ = {isa = PBXFileReference; lastKnownFileType = sourcecode.swift; path = WeatherViewModel.swift; sourceTree = "<group>"; };
		1D0C98AA2C480C1900C727A2 /* WeatherViewController.swift */ = {isa = PBXFileReference; lastKnownFileType = sourcecode.swift; path = WeatherViewController.swift; sourceTree = "<group>"; };
		1D0C98AC2C480D8F00C727A2 /* WeatherCollectionViewCell.swift */ = {isa = PBXFileReference; lastKnownFileType = sourcecode.swift; path = WeatherCollectionViewCell.swift; sourceTree = "<group>"; };
		1D0C98AF2C48146500C727A2 /* WeatherAnimationViewController.swift */ = {isa = PBXFileReference; lastKnownFileType = sourcecode.swift; path = WeatherAnimationViewController.swift; sourceTree = "<group>"; };
		1D0C98B62C48FC7F00C727A2 /* FogView.swift */ = {isa = PBXFileReference; lastKnownFileType = sourcecode.swift; path = FogView.swift; sourceTree = "<group>"; };
		1D0C98B82C4955DC00C727A2 /* SnowView.swift */ = {isa = PBXFileReference; lastKnownFileType = sourcecode.swift; path = SnowView.swift; sourceTree = "<group>"; };
		1D0C98BA2C498FDD00C727A2 /* RainView.swift */ = {isa = PBXFileReference; lastKnownFileType = sourcecode.swift; path = RainView.swift; sourceTree = "<group>"; };
		1D0C98C52C4EBE9B00C727A2 /* en */ = {isa = PBXFileReference; lastKnownFileType = text.plist.strings; name = en; path = en.lproj/Localizable.strings; sourceTree = "<group>"; };
		1D0C98C72C4EBFCD00C727A2 /* ru */ = {isa = PBXFileReference; lastKnownFileType = text.plist.strings; name = ru; path = ru.lproj/Localizable.strings; sourceTree = "<group>"; };
/* End PBXFileReference section */

/* Begin PBXFrameworksBuildPhase section */
		1D0C98892C47E1EB00C727A2 /* Frameworks */ = {
			isa = PBXFrameworksBuildPhase;
			buildActionMask = 2147483647;
			files = (
			);
			runOnlyForDeploymentPostprocessing = 0;
		};
/* End PBXFrameworksBuildPhase section */

/* Begin PBXGroup section */
		1D0C98832C47E1EB00C727A2 = {
			isa = PBXGroup;
			children = (
				1D0C988E2C47E1EB00C727A2 /* WeatherApp_VK_Internship */,
				1D0C988D2C47E1EB00C727A2 /* Products */,
			);
			sourceTree = "<group>";
		};
		1D0C988D2C47E1EB00C727A2 /* Products */ = {
			isa = PBXGroup;
			children = (
				1D0C988C2C47E1EB00C727A2 /* WeatherApp_VK_Internship.app */,
			);
			name = Products;
			sourceTree = "<group>";
		};
		1D0C988E2C47E1EB00C727A2 /* WeatherApp_VK_Internship */ = {
			isa = PBXGroup;
			children = (
				1D0C988F2C47E1EB00C727A2 /* AppDelegate.swift */,
				1D0C98A32C480AC000C727A2 /* Model */,
				1D0C98AE2C480DA700C727A2 /* View */,
				1D0C98A62C480B5800C727A2 /* ViewModel */,
				1D0C98A92C480C0D00C727A2 /* ViewController */,
				1D0C98C42C4EBE9B00C727A2 /* Localizable.strings */,
				1D0C98982C47E1EC00C727A2 /* Assets.xcassets */,
				1D0C989D2C47E1EC00C727A2 /* Info.plist */,
			);
			path = WeatherApp_VK_Internship;
			sourceTree = "<group>";
		};
		1D0C98A32C480AC000C727A2 /* Model */ = {
			isa = PBXGroup;
			children = (
				1D0C98A42C480AD700C727A2 /* WeatherType.swift */,
			);
			path = Model;
			sourceTree = "<group>";
		};
		1D0C98A62C480B5800C727A2 /* ViewModel */ = {
			isa = PBXGroup;
			children = (
				1D0C98A72C480B6700C727A2 /* WeatherViewModel.swift */,
			);
			path = ViewModel;
			sourceTree = "<group>";
		};
		1D0C98A92C480C0D00C727A2 /* ViewController */ = {
			isa = PBXGroup;
			children = (
				1D0C98AA2C480C1900C727A2 /* WeatherViewController.swift */,
				1D0C98AF2C48146500C727A2 /* WeatherAnimationViewController.swift */,
			);
			path = ViewController;
			sourceTree = "<group>";
		};
		1D0C98AE2C480DA700C727A2 /* View */ = {
			isa = PBXGroup;
			children = (
				1D0C98AC2C480D8F00C727A2 /* WeatherCollectionViewCell.swift */,
				1D0C98B62C48FC7F00C727A2 /* FogView.swift */,
				1D0C98B82C4955DC00C727A2 /* SnowView.swift */,
				1D0C98BA2C498FDD00C727A2 /* RainView.swift */,
			);
			path = View;
			sourceTree = "<group>";
		};
/* End PBXGroup section */

/* Begin PBXNativeTarget section */
		1D0C988B2C47E1EB00C727A2 /* WeatherApp_VK_Internship */ = {
			isa = PBXNativeTarget;
			buildConfigurationList = 1D0C98A02C47E1EC00C727A2 /* Build configuration list for PBXNativeTarget "WeatherApp_VK_Internship" */;
			buildPhases = (
				1D0C98882C47E1EB00C727A2 /* Sources */,
				1D0C98892C47E1EB00C727A2 /* Frameworks */,
				1D0C988A2C47E1EB00C727A2 /* Resources */,
			);
			buildRules = (
			);
			dependencies = (
			);
			name = WeatherApp_VK_Internship;
			productName = WeatherApp_VK_Internship;
			productReference = 1D0C988C2C47E1EB00C727A2 /* WeatherApp_VK_Internship.app */;
			productType = "com.apple.product-type.application";
		};
/* End PBXNativeTarget section */

/* Begin PBXProject section */
		1D0C98842C47E1EB00C727A2 /* Project object */ = {
			isa = PBXProject;
			attributes = {
				BuildIndependentTargetsInParallel = 1;
				LastSwiftUpdateCheck = 1540;
				LastUpgradeCheck = 1540;
				TargetAttributes = {
					1D0C988B2C47E1EB00C727A2 = {
						CreatedOnToolsVersion = 15.4;
					};
				};
			};
			buildConfigurationList = 1D0C98872C47E1EB00C727A2 /* Build configuration list for PBXProject "WeatherApp_VK_Internship" */;
			compatibilityVersion = "Xcode 14.0";
			developmentRegion = en;
			hasScannedForEncodings = 0;
			knownRegions = (
				en,
				ru,
			);
			mainGroup = 1D0C98832C47E1EB00C727A2;
			productRefGroup = 1D0C988D2C47E1EB00C727A2 /* Products */;
			projectDirPath = "";
			projectRoot = "";
			targets = (
				1D0C988B2C47E1EB00C727A2 /* WeatherApp_VK_Internship */,
			);
		};
/* End PBXProject section */

/* Begin PBXResourcesBuildPhase section */
		1D0C988A2C47E1EB00C727A2 /* Resources */ = {
			isa = PBXResourcesBuildPhase;
			buildActionMask = 2147483647;
			files = (
				1D0C98992C47E1EC00C727A2 /* Assets.xcassets in Resources */,
				1D0C98C62C4EBE9B00C727A2 /* Localizable.strings in Resources */,
			);
			runOnlyForDeploymentPostprocessing = 0;
		};
/* End PBXResourcesBuildPhase section */

/* Begin PBXSourcesBuildPhase section */
		1D0C98882C47E1EB00C727A2 /* Sources */ = {
			isa = PBXSourcesBuildPhase;
			buildActionMask = 2147483647;
			files = (
				1D0C98BB2C498FDD00C727A2 /* RainView.swift in Sources */,
				1D0C98B72C48FC7F00C727A2 /* FogView.swift in Sources */,
				1D0C98B02C48146500C727A2 /* WeatherAnimationViewController.swift in Sources */,
				1D0C98AB2C480C1900C727A2 /* WeatherViewController.swift in Sources */,
				1D0C98B92C4955DC00C727A2 /* SnowView.swift in Sources */,
				1D0C98AD2C480D8F00C727A2 /* WeatherCollectionViewCell.swift in Sources */,
				1D0C98A82C480B6700C727A2 /* WeatherViewModel.swift in Sources */,
				1D0C98A52C480AD700C727A2 /* WeatherType.swift in Sources */,
				1D0C98902C47E1EB00C727A2 /* AppDelegate.swift in Sources */,
			);
			runOnlyForDeploymentPostprocessing = 0;
		};
/* End PBXSourcesBuildPhase section */

/* Begin PBXVariantGroup section */
		1D0C98C42C4EBE9B00C727A2 /* Localizable.strings */ = {
			isa = PBXVariantGroup;
			children = (
				1D0C98C52C4EBE9B00C727A2 /* en */,
				1D0C98C72C4EBFCD00C727A2 /* ru */,
			);
			name = Localizable.strings;
			sourceTree = "<group>";
		};
/* End PBXVariantGroup section */

/* Begin XCBuildConfiguration section */
		1D0C989E2C47E1EC00C727A2 /* Debug */ = {
			isa = XCBuildConfiguration;
			buildSettings = {
				ALWAYS_SEARCH_USER_PATHS = NO;
				ASSETCATALOG_COMPILER_GENERATE_SWIFT_ASSET_SYMBOL_EXTENSIONS = YES;
				CLANG_ANALYZER_NONNULL = YES;
				CLANG_ANALYZER_NUMBER_OBJECT_CONVERSION = YES_AGGRESSIVE;
				CLANG_CXX_LANGUAGE_STANDARD = "gnu++20";
				CLANG_ENABLE_MODULES = YES;
				CLANG_ENABLE_OBJC_ARC = YES;
				CLANG_ENABLE_OBJC_WEAK = YES;
				CLANG_WARN_BLOCK_CAPTURE_AUTORELEASING = YES;
				CLANG_WARN_BOOL_CONVERSION = YES;
				CLANG_WARN_COMMA = YES;
				CLANG_WARN_CONSTANT_CONVERSION = YES;
				CLANG_WARN_DEPRECATED_OBJC_IMPLEMENTATIONS = YES;
				CLANG_WARN_DIRECT_OBJC_ISA_USAGE = YES_ERROR;
				CLANG_WARN_DOCUMENTATION_COMMENTS = YES;
				CLANG_WARN_EMPTY_BODY = YES;
				CLANG_WARN_ENUM_CONVERSION = YES;
				CLANG_WARN_INFINITE_RECURSION = YES;
				CLANG_WARN_INT_CONVERSION = YES;
				CLANG_WARN_NON_LITERAL_NULL_CONVERSION = YES;
				CLANG_WARN_OBJC_IMPLICIT_RETAIN_SELF = YES;
				CLANG_WARN_OBJC_LITERAL_CONVERSION = YES;
				CLANG_WARN_OBJC_ROOT_CLASS = YES_ERROR;
				CLANG_WARN_QUOTED_INCLUDE_IN_FRAMEWORK_HEADER = YES;
				CLANG_WARN_RANGE_LOOP_ANALYSIS = YES;
				CLANG_WARN_STRICT_PROTOTYPES = YES;
				CLANG_WARN_SUSPICIOUS_MOVE = YES;
				CLANG_WARN_UNGUARDED_AVAILABILITY = YES_AGGRESSIVE;
				CLANG_WARN_UNREACHABLE_CODE = YES;
				CLANG_WARN__DUPLICATE_METHOD_MATCH = YES;
				COPY_PHASE_STRIP = NO;
				DEBUG_INFORMATION_FORMAT = dwarf;
				ENABLE_STRICT_OBJC_MSGSEND = YES;
				ENABLE_TESTABILITY = YES;
				ENABLE_USER_SCRIPT_SANDBOXING = YES;
				GCC_C_LANGUAGE_STANDARD = gnu17;
				GCC_DYNAMIC_NO_PIC = NO;
				GCC_NO_COMMON_BLOCKS = YES;
				GCC_OPTIMIZATION_LEVEL = 0;
				GCC_PREPROCESSOR_DEFINITIONS = (
					"DEBUG=1",
					"$(inherited)",
				);
				GCC_WARN_64_TO_32_BIT_CONVERSION = YES;
				GCC_WARN_ABOUT_RETURN_TYPE = YES_ERROR;
				GCC_WARN_UNDECLARED_SELECTOR = YES;
				GCC_WARN_UNINITIALIZED_AUTOS = YES_AGGRESSIVE;
				GCC_WARN_UNUSED_FUNCTION = YES;
				GCC_WARN_UNUSED_VARIABLE = YES;
				IPHONEOS_DEPLOYMENT_TARGET = 17.5;
				LOCALIZATION_PREFERS_STRING_CATALOGS = YES;
				MTL_ENABLE_DEBUG_INFO = INCLUDE_SOURCE;
				MTL_FAST_MATH = YES;
				ONLY_ACTIVE_ARCH = YES;
				SDKROOT = iphoneos;
				SWIFT_ACTIVE_COMPILATION_CONDITIONS = "DEBUG $(inherited)";
				SWIFT_OPTIMIZATION_LEVEL = "-Onone";
			};
			name = Debug;
		};
		1D0C989F2C47E1EC00C727A2 /* Release */ = {
			isa = XCBuildConfiguration;
			buildSettings = {
				ALWAYS_SEARCH_USER_PATHS = NO;
				ASSETCATALOG_COMPILER_GENERATE_SWIFT_ASSET_SYMBOL_EXTENSIONS = YES;
				CLANG_ANALYZER_NONNULL = YES;
				CLANG_ANALYZER_NUMBER_OBJECT_CONVERSION = YES_AGGRESSIVE;
				CLANG_CXX_LANGUAGE_STANDARD = "gnu++20";
				CLANG_ENABLE_MODULES = YES;
				CLANG_ENABLE_OBJC_ARC = YES;
				CLANG_ENABLE_OBJC_WEAK = YES;
				CLANG_WARN_BLOCK_CAPTURE_AUTORELEASING = YES;
				CLANG_WARN_BOOL_CONVERSION = YES;
				CLANG_WARN_COMMA = YES;
				CLANG_WARN_CONSTANT_CONVERSION = YES;
				CLANG_WARN_DEPRECATED_OBJC_IMPLEMENTATIONS = YES;
				CLANG_WARN_DIRECT_OBJC_ISA_USAGE = YES_ERROR;
				CLANG_WARN_DOCUMENTATION_COMMENTS = YES;
				CLANG_WARN_EMPTY_BODY = YES;
				CLANG_WARN_ENUM_CONVERSION = YES;
				CLANG_WARN_INFINITE_RECURSION = YES;
				CLANG_WARN_INT_CONVERSION = YES;
				CLANG_WARN_NON_LITERAL_NULL_CONVERSION = YES;
				CLANG_WARN_OBJC_IMPLICIT_RETAIN_SELF = YES;
				CLANG_WARN_OBJC_LITERAL_CONVERSION = YES;
				CLANG_WARN_OBJC_ROOT_CLASS = YES_ERROR;
				CLANG_WARN_QUOTED_INCLUDE_IN_FRAMEWORK_HEADER = YES;
				CLANG_WARN_RANGE_LOOP_ANALYSIS = YES;
				CLANG_WARN_STRICT_PROTOTYPES = YES;
				CLANG_WARN_SUSPICIOUS_MOVE = YES;
				CLANG_WARN_UNGUARDED_AVAILABILITY = YES_AGGRESSIVE;
				CLANG_WARN_UNREACHABLE_CODE = YES;
				CLANG_WARN__DUPLICATE_METHOD_MATCH = YES;
				COPY_PHASE_STRIP = NO;
				DEBUG_INFORMATION_FORMAT = "dwarf-with-dsym";
				ENABLE_NS_ASSERTIONS = NO;
				ENABLE_STRICT_OBJC_MSGSEND = YES;
				ENABLE_USER_SCRIPT_SANDBOXING = YES;
				GCC_C_LANGUAGE_STANDARD = gnu17;
				GCC_NO_COMMON_BLOCKS = YES;
				GCC_WARN_64_TO_32_BIT_CONVERSION = YES;
				GCC_WARN_ABOUT_RETURN_TYPE = YES_ERROR;
				GCC_WARN_UNDECLARED_SELECTOR = YES;
				GCC_WARN_UNINITIALIZED_AUTOS = YES_AGGRESSIVE;
				GCC_WARN_UNUSED_FUNCTION = YES;
				GCC_WARN_UNUSED_VARIABLE = YES;
				IPHONEOS_DEPLOYMENT_TARGET = 17.5;
				LOCALIZATION_PREFERS_STRING_CATALOGS = YES;
				MTL_ENABLE_DEBUG_INFO = NO;
				MTL_FAST_MATH = YES;
				SDKROOT = iphoneos;
				SWIFT_COMPILATION_MODE = wholemodule;
				VALIDATE_PRODUCT = YES;
			};
			name = Release;
		};
		1D0C98A12C47E1EC00C727A2 /* Debug */ = {
			isa = XCBuildConfiguration;
			buildSettings = {
				ASSETCATALOG_COMPILER_APPICON_NAME = AppIcon;
				ASSETCATALOG_COMPILER_GLOBAL_ACCENT_COLOR_NAME = AccentColor;
				CODE_SIGN_STYLE = Automatic;
				CURRENT_PROJECT_VERSION = 1;
				DEVELOPMENT_TEAM = 2XTS5VKE3A;
				GENERATE_INFOPLIST_FILE = YES;
				INFOPLIST_FILE = WeatherApp_VK_Internship/Info.plist;
				INFOPLIST_KEY_UIApplicationSupportsIndirectInputEvents = YES;
				INFOPLIST_KEY_UILaunchStoryboardName = LaunchScreen;
				INFOPLIST_KEY_UISupportedInterfaceOrientations = UIInterfaceOrientationPortrait;
				LD_RUNPATH_SEARCH_PATHS = (
					"$(inherited)",
					"@executable_path/Frameworks",
				);
				MARKETING_VERSION = 1.0;
				PRODUCT_BUNDLE_IDENTIFIER = "com.vislov.ivan.WeatherApp-VK-Internship";
				PRODUCT_NAME = "$(TARGET_NAME)";
				SUPPORTED_PLATFORMS = "iphoneos iphonesimulator";
				SUPPORTS_MACCATALYST = NO;
				SUPPORTS_MAC_DESIGNED_FOR_IPHONE_IPAD = NO;
				SUPPORTS_XR_DESIGNED_FOR_IPHONE_IPAD = NO;
				SWIFT_EMIT_LOC_STRINGS = YES;
				SWIFT_VERSION = 5.0;
				TARGETED_DEVICE_FAMILY = 1;
			};
			name = Debug;
		};
		1D0C98A22C47E1EC00C727A2 /* Release */ = {
			isa = XCBuildConfiguration;
			buildSettings = {
				ASSETCATALOG_COMPILER_APPICON_NAME = AppIcon;
				ASSETCATALOG_COMPILER_GLOBAL_ACCENT_COLOR_NAME = AccentColor;
				CODE_SIGN_STYLE = Automatic;
				CURRENT_PROJECT_VERSION = 1;
				DEVELOPMENT_TEAM = 2XTS5VKE3A;
				GENERATE_INFOPLIST_FILE = YES;
				INFOPLIST_FILE = WeatherApp_VK_Internship/Info.plist;
				INFOPLIST_KEY_UIApplicationSupportsIndirectInputEvents = YES;
				INFOPLIST_KEY_UILaunchStoryboardName = LaunchScreen;
				INFOPLIST_KEY_UISupportedInterfaceOrientations = UIInterfaceOrientationPortrait;
				LD_RUNPATH_SEARCH_PATHS = (
					"$(inherited)",
					"@executable_path/Frameworks",
				);
				MARKETING_VERSION = 1.0;
				PRODUCT_BUNDLE_IDENTIFIER = "com.vislov.ivan.WeatherApp-VK-Internship";
				PRODUCT_NAME = "$(TARGET_NAME)";
				SUPPORTED_PLATFORMS = "iphoneos iphonesimulator";
				SUPPORTS_MACCATALYST = NO;
				SUPPORTS_MAC_DESIGNED_FOR_IPHONE_IPAD = NO;
				SUPPORTS_XR_DESIGNED_FOR_IPHONE_IPAD = NO;
				SWIFT_EMIT_LOC_STRINGS = YES;
				SWIFT_VERSION = 5.0;
				TARGETED_DEVICE_FAMILY = 1;
			};
			name = Release;
		};
/* End XCBuildConfiguration section */

/* Begin XCConfigurationList section */
		1D0C98872C47E1EB00C727A2 /* Build configuration list for PBXProject "WeatherApp_VK_Internship" */ = {
			isa = XCConfigurationList;
			buildConfigurations = (
				1D0C989E2C47E1EC00C727A2 /* Debug */,
				1D0C989F2C47E1EC00C727A2 /* Release */,
			);
			defaultConfigurationIsVisible = 0;
			defaultConfigurationName = Release;
		};
		1D0C98A02C47E1EC00C727A2 /* Build configuration list for PBXNativeTarget "WeatherApp_VK_Internship" */ = {
			isa = XCConfigurationList;
			buildConfigurations = (
				1D0C98A12C47E1EC00C727A2 /* Debug */,
				1D0C98A22C47E1EC00C727A2 /* Release */,
			);
			defaultConfigurationIsVisible = 0;
			defaultConfigurationName = Release;
		};
/* End XCConfigurationList section */
	};
	rootObject = 1D0C98842C47E1EB00C727A2 /* Project object */;
}
